
Microsoft Visual Studio Solution File, Format Version 12.00
# Visual Studio 15
VisualStudioVersion = 15.0.27703.2000
MinimumVisualStudioVersion = 10.0.40219.1
Project("{151D2E53-A2C4-4D7D-83FE-D05416EBD58E}") = "Deployment", "Deployment\Deployment.deployproj", "{355B62F4-9E6B-4189-919E-6A4075785B10}"
EndProject
Global
	GlobalSection(SolutionConfigurationPlatforms) = preSolution
		Debug|Any CPU = Debug|Any CPU
		Release|Any CPU = Release|Any CPU
	EndGlobalSection
	GlobalSection(ProjectConfigurationPlatforms) = postSolution
		{355B62F4-9E6B-4189-919E-6A4075785B10}.Debug|Any CPU.ActiveCfg = Debug|Any CPU
		{355B62F4-9E6B-4189-919E-6A4075785B10}.Debug|Any CPU.Build.0 = Debug|Any CPU
		{355B62F4-9E6B-4189-919E-6A4075785B10}.Release|Any CPU.ActiveCfg = Release|Any CPU
		{355B62F4-9E6B-4189-919E-6A4075785B10}.Release|Any CPU.Build.0 = Release|Any CPU
	EndGlobalSection
	GlobalSection(SolutionProperties) = preSolution
		HideSolutionNode = FALSE
	EndGlobalSection
	GlobalSection(ExtensibilityGlobals) = postSolution
		SolutionGuid = {F99B29DC-89EF-400B-9EEB-55F177DAB503}
	EndGlobalSection
EndGlobal
